Microsoft Visual Studio Solution File, Format Version 12.00
Project("{21b77623-86e4-4279-a357-5d1810684020}") = "radiobutton_component", "..\packages\radiobutton_component\Files\radiobutton_component.csproj", "{b2f59178-c543-41a7-b93d-75956da3e0ca}"
EndProject
Global
	GlobalSection(SolutionConfigurationPlatforms) = preSolution
		Debug|Any CPU = Debug|Any CPU
		Release|Any CPU = Release|Any CPU
	EndGlobalSection
	GlobalSection(ProjectConfigurationPlatforms) = postSolution
			{b2f59178-c543-41a7-b93d-75956da3e0ca}.Debug|Any CPU.ActiveCfg = Debug|Any CPU
			{b2f59178-c543-41a7-b93d-75956da3e0ca}.Debug|Any CPU.Build.0 = Debug|Any CPU
			{b2f59178-c543-41a7-b93d-75956da3e0ca}.Release|Any CPU.ActiveCfg = Release|Any CPU
			{b2f59178-c543-41a7-b93d-75956da3e0ca}.Release|Any CPU.Build.0 = Release|Any CPU
	EndGlobalSection
EndGlobal
